
Microsoft Visual Studio Solution File, Format Version 12.00
# Visual Studio Version 16
VisualStudioVersion = 16.0.32901.82
MinimumVisualStudioVersion = 10.0.40219.1
Project("{FAE04EC0-301F-11D3-BF4B-00C04F79EFBC}") = "Demoç", "Demoç\Demoç.csproj", "{00D691B2-5478-4D96-9165-7D9BD1213159}"
EndProject
Global
	GlobalSection(SolutionConfigurationPlatforms) = preSolution
		Debug|Any CPU = Debug|Any CPU
		Release|Any CPU = Release|Any CPU
	EndGlobalSection
	GlobalSection(ProjectConfigurationPlatforms) = postSolution
		{00D691B2-5478-4D96-9165-7D9BD1213159}.Debug|Any CPU.ActiveCfg = Debug|Any CPU
		{00D691B2-5478-4D96-9165-7D9BD1213159}.Debug|Any CPU.Build.0 = Debug|Any CPU
		{00D691B2-5478-4D96-9165-7D9BD1213159}.Release|Any CPU.ActiveCfg = Release|Any CPU
		{00D691B2-5478-4D96-9165-7D9BD1213159}.Release|Any CPU.Build.0 = Release|Any CPU
	EndGlobalSection
	GlobalSection(SolutionProperties) = preSolution
		HideSolutionNode = FALSE
	EndGlobalSection
	GlobalSection(ExtensibilityGlobals) = postSolution
		SolutionGuid = {04234DA1-7575-4BC9-A7BA-E53C6F36BB35}
	EndGlobalSection
EndGlobal
